Microsoft Visual Studio Solution File, Format Version 11.00
# Visual Studio 2008

Project("{7E001841-0D45-41A2-E585-56C18AFB8F1B}") = "Avoid_완성", "Assembly-CSharp.csproj", "{1F65F51A-0E20-50A2-4546-674850B9EF82}"
EndProject
Global
	GlobalSection(SolutionConfigurationPlatforms) = preSolution
		Debug|Any CPU = Debug|Any CPU
		Release|Any CPU = Release|Any CPU
	EndGlobalSection
	GlobalSection(ProjectConfigurationPlatforms) = postSolution
		{1F65F51A-0E20-50A2-4546-674850B9EF82}.Debug|Any CPU.ActiveCfg = Debug|Any CPU
		{1F65F51A-0E20-50A2-4546-674850B9EF82}.Debug|Any CPU.Build.0 = Debug|Any CPU
		{1F65F51A-0E20-50A2-4546-674850B9EF82}.Release|Any CPU.ActiveCfg = Release|Any CPU
		{1F65F51A-0E20-50A2-4546-674850B9EF82}.Release|Any CPU.Build.0 = Release|Any CPU
	EndGlobalSection
	GlobalSection(SolutionProperties) = preSolution
		HideSolutionNode = FALSE
	EndGlobalSection
	GlobalSection(MonoDevelopProperties) = preSolution
		StartupItem = Assembly-CSharp.csproj
	EndGlobalSection
EndGlobal
